
Microsoft Visual Studio Solution File, Format Version 12.00
# Visual Studio Version 17
VisualStudioVersion = 17.10.35122.118
MinimumVisualStudioVersion = 10.0.40219.1
Project("{FAE04EC0-301F-11D3-BF4B-00C04F79EFBC}") = "DemoVidal1", "DemoVidal1\DemoVidal1.csproj", "{E5F298CF-1CD2-41EE-A793-864FC5CF5573}"
EndProject
Global
	GlobalSection(SolutionConfigurationPlatforms) = preSolution
		Debug|Any CPU = Debug|Any CPU
		Release|Any CPU = Release|Any CPU
	EndGlobalSection
	GlobalSection(ProjectConfigurationPlatforms) = postSolution
		{E5F298CF-1CD2-41EE-A793-864FC5CF5573}.Debug|Any CPU.ActiveCfg = Debug|Any CPU
		{E5F298CF-1CD2-41EE-A793-864FC5CF5573}.Debug|Any CPU.Build.0 = Debug|Any CPU
		{E5F298CF-1CD2-41EE-A793-864FC5CF5573}.Release|Any CPU.ActiveCfg = Release|Any CPU
		{E5F298CF-1CD2-41EE-A793-864FC5CF5573}.Release|Any CPU.Build.0 = Release|Any CPU
	EndGlobalSection
	GlobalSection(SolutionProperties) = preSolution
		HideSolutionNode = FALSE
	EndGlobalSection
	GlobalSection(ExtensibilityGlobals) = postSolution
		SolutionGuid = {2D31D3A1-50A0-4F01-A245-2D0264709005}
	EndGlobalSection
EndGlobal
